{
  "version": 4,
  "terraform_version": "1.2.2",
  "serial": 7,
  "lineage": "dae6e302-45f4-40fd-3055-6b9ee4ee525f",
  "outputs": {},
  "resources": [
    {
      "mode": "managed",
      "type": "github_repository",
      "name": "terrafom_repo",
      "provider": "provider[\"registry.terraform.io/hashicorp/github\"]",
      "instances": [
        {
          "schema_version": 0,
          "attributes": {
            "allow_auto_merge": false,
            "allow_merge_commit": true,
            "allow_rebase_merge": true,
            "allow_squash_merge": true,
            "archive_on_destroy": null,
            "archived": false,
            "auto_init": true,
            "branches": [
              {
                "name": "main",
                "protected": false
              }
            ],
            "default_branch": "main",
            "delete_branch_on_merge": false,
            "description": "My awesome codebase",
            "etag": "W/\"2f507dfca1695fc05d2967b649c857ed6646637db8c9ce5ece57fec708a11a45\"",
            "full_name": "Shravan0001jha/expample1",
            "git_clone_url": "git://github.com/Shravan0001jha/expample1.git",
            "gitignore_template": null,
            "has_downloads": false,
            "has_issues": false,
            "has_projects": false,
            "has_wiki": false,
            "homepage_url": "",
            "html_url": "https://github.com/Shravan0001jha/expample1",
            "http_clone_url": "https://github.com/Shravan0001jha/expample1.git",
            "id": "expample1",
            "ignore_vulnerability_alerts_during_read": null,
            "is_template": false,
            "license_template": null,
            "name": "expample1",
            "node_id": "R_kgDOHipt4w",
            "pages": [],
            "private": false,
            "repo_id": 506097123,
            "ssh_clone_url": "git@github.com:Shravan0001jha/expample1.git",
            "svn_url": "https://github.com/Shravan0001jha/expample1",
            "template": [],
            "topics": null,
            "visibility": "public",
            "vulnerability_alerts": false
          },
          "sensitive_attributes": [],
          "private": "bnVsbA=="
        }
      ]
    }
  ]
}
